
Microsoft Visual Studio Solution File, Format Version 12.00
# Visual Studio Version 17
VisualStudioVersion = 17.0.32112.339
MinimumVisualStudioVersion = 10.0.40219.1
Project("{9A19103F-16F7-4668-BE54-9A1E7A4F7556}") = "HashGrpc.Service", "HashGrpc.Service\HashGrpc.Service.csproj", "{14A975C1-725C-4941-BD7D-37D4D2D5DBC7}"
EndProject
Project("{9A19103F-16F7-4668-BE54-9A1E7A4F7556}") = "HashGrpc.Client", "HashGrpc.Client\HashGrpc.Client.csproj", "{43FBE121-1647-4692-B8BF-64F4F84C8385}"
EndProject
Global
	GlobalSection(SolutionConfigurationPlatforms) = preSolution
		Debug|Any CPU = Debug|Any CPU
		Release|Any CPU = Release|Any CPU
	EndGlobalSection
	GlobalSection(ProjectConfigurationPlatforms) = postSolution
		{14A975C1-725C-4941-BD7D-37D4D2D5DBC7}.Debug|Any CPU.ActiveCfg = Debug|Any CPU
		{14A975C1-725C-4941-BD7D-37D4D2D5DBC7}.Debug|Any CPU.Build.0 = Debug|Any CPU
		{14A975C1-725C-4941-BD7D-37D4D2D5DBC7}.Release|Any CPU.ActiveCfg = Release|Any CPU
		{14A975C1-725C-4941-BD7D-37D4D2D5DBC7}.Release|Any CPU.Build.0 = Release|Any CPU
		{43FBE121-1647-4692-B8BF-64F4F84C8385}.Debug|Any CPU.ActiveCfg = Debug|Any CPU
		{43FBE121-1647-4692-B8BF-64F4F84C8385}.Debug|Any CPU.Build.0 = Debug|Any CPU
		{43FBE121-1647-4692-B8BF-64F4F84C8385}.Release|Any CPU.ActiveCfg = Release|Any CPU
		{43FBE121-1647-4692-B8BF-64F4F84C8385}.Release|Any CPU.Build.0 = Release|Any CPU
	EndGlobalSection
	GlobalSection(SolutionProperties) = preSolution
		HideSolutionNode = FALSE
	EndGlobalSection
	GlobalSection(ExtensibilityGlobals) = postSolution
		SolutionGuid = {4711A870-903A-4BA9-AAE8-BBDED61CB69B}
	EndGlobalSection
EndGlobal
