
Microsoft Visual Studio Solution File, Format Version 12.00
# Visual Studio Version 17
VisualStudioVersion = 17.0.32112.339
MinimumVisualStudioVersion = 10.0.40219.1
Project("{9A19103F-16F7-4668-BE54-9A1E7A4F7556}") = "HashService.Grpc", "src\HashGrpc.Service\HashService.Grpc.csproj", "{14A975C1-725C-4941-BD7D-37D4D2D5DBC7}"
EndProject
Project("{9A19103F-16F7-4668-BE54-9A1E7A4F7556}") = "HashService.Grpc.Client", "tests\HashGrpc.Client\HashService.Grpc.Client.csproj", "{43FBE121-1647-4692-B8BF-64F4F84C8385}"
EndProject
Project("{9A19103F-16F7-4668-BE54-9A1E7A4F7556}") = "HashService.Grpc.Protos", "src\HashGrpc.Protos\HashService.Grpc.Protos.csproj", "{B1CA8FCA-1DCB-4244-8752-7AAB5728F990}"
EndProject
Project("{9A19103F-16F7-4668-BE54-9A1E7A4F7556}") = "HashService.Core", "src\HashGrpc.Core\HashService.Core.csproj", "{61B30E4B-86A1-4A45-9532-12ACC3D4F063}"
EndProject
Project("{2150E333-8FDC-42A3-9474-1A3956D46DE8}") = "src", "src", "{23A5DC85-7CFC-4010-886C-26DBFBC1BC5A}"
EndProject
Project("{2150E333-8FDC-42A3-9474-1A3956D46DE8}") = "tests", "tests", "{A77EACE8-9295-4FD8-A042-A991A5FEACC4}"
EndProject
Project("{FAE04EC0-301F-11D3-BF4B-00C04F79EFBC}") = "HashService.API", "src\HashService.API\HashService.API.csproj", "{4F771DDF-2B6E-48A9-9768-3AD13E3B3F39}"
EndProject
Global
	GlobalSection(SolutionConfigurationPlatforms) = preSolution
		Debug|Any CPU = Debug|Any CPU
		Release|Any CPU = Release|Any CPU
	EndGlobalSection
	GlobalSection(ProjectConfigurationPlatforms) = postSolution
		{14A975C1-725C-4941-BD7D-37D4D2D5DBC7}.Debug|Any CPU.ActiveCfg = Debug|Any CPU
		{14A975C1-725C-4941-BD7D-37D4D2D5DBC7}.Debug|Any CPU.Build.0 = Debug|Any CPU
		{14A975C1-725C-4941-BD7D-37D4D2D5DBC7}.Release|Any CPU.ActiveCfg = Release|Any CPU
		{14A975C1-725C-4941-BD7D-37D4D2D5DBC7}.Release|Any CPU.Build.0 = Release|Any CPU
		{43FBE121-1647-4692-B8BF-64F4F84C8385}.Debug|Any CPU.ActiveCfg = Debug|Any CPU
		{43FBE121-1647-4692-B8BF-64F4F84C8385}.Debug|Any CPU.Build.0 = Debug|Any CPU
		{43FBE121-1647-4692-B8BF-64F4F84C8385}.Release|Any CPU.ActiveCfg = Release|Any CPU
		{43FBE121-1647-4692-B8BF-64F4F84C8385}.Release|Any CPU.Build.0 = Release|Any CPU
		{B1CA8FCA-1DCB-4244-8752-7AAB5728F990}.Debug|Any CPU.ActiveCfg = Debug|Any CPU
		{B1CA8FCA-1DCB-4244-8752-7AAB5728F990}.Debug|Any CPU.Build.0 = Debug|Any CPU
		{B1CA8FCA-1DCB-4244-8752-7AAB5728F990}.Release|Any CPU.ActiveCfg = Release|Any CPU
		{B1CA8FCA-1DCB-4244-8752-7AAB5728F990}.Release|Any CPU.Build.0 = Release|Any CPU
		{61B30E4B-86A1-4A45-9532-12ACC3D4F063}.Debug|Any CPU.ActiveCfg = Debug|Any CPU
		{61B30E4B-86A1-4A45-9532-12ACC3D4F063}.Debug|Any CPU.Build.0 = Debug|Any CPU
		{61B30E4B-86A1-4A45-9532-12ACC3D4F063}.Release|Any CPU.ActiveCfg = Release|Any CPU
		{61B30E4B-86A1-4A45-9532-12ACC3D4F063}.Release|Any CPU.Build.0 = Release|Any CPU
		{4F771DDF-2B6E-48A9-9768-3AD13E3B3F39}.Debug|Any CPU.ActiveCfg = Debug|Any CPU
		{4F771DDF-2B6E-48A9-9768-3AD13E3B3F39}.Debug|Any CPU.Build.0 = Debug|Any CPU
		{4F771DDF-2B6E-48A9-9768-3AD13E3B3F39}.Release|Any CPU.ActiveCfg = Release|Any CPU
		{4F771DDF-2B6E-48A9-9768-3AD13E3B3F39}.Release|Any CPU.Build.0 = Release|Any CPU
	EndGlobalSection
	GlobalSection(SolutionProperties) = preSolution
		HideSolutionNode = FALSE
	EndGlobalSection
	GlobalSection(NestedProjects) = preSolution
		{14A975C1-725C-4941-BD7D-37D4D2D5DBC7} = {23A5DC85-7CFC-4010-886C-26DBFBC1BC5A}
		{43FBE121-1647-4692-B8BF-64F4F84C8385} = {A77EACE8-9295-4FD8-A042-A991A5FEACC4}
		{B1CA8FCA-1DCB-4244-8752-7AAB5728F990} = {23A5DC85-7CFC-4010-886C-26DBFBC1BC5A}
		{61B30E4B-86A1-4A45-9532-12ACC3D4F063} = {23A5DC85-7CFC-4010-886C-26DBFBC1BC5A}
		{4F771DDF-2B6E-48A9-9768-3AD13E3B3F39} = {23A5DC85-7CFC-4010-886C-26DBFBC1BC5A}
	EndGlobalSection
	GlobalSection(ExtensibilityGlobals) = postSolution
		SolutionGuid = {4711A870-903A-4BA9-AAE8-BBDED61CB69B}
	EndGlobalSection
EndGlobal
